{"v":"1.2.6","p":{"hopp-plugin-eslint":{},"hopp-plugin-notify":{}},"pl":[1499464195000,{"hopp-plugin-babel":["config","default"],"hopp-plugin-eslint":["config","format","failOnError","default"],"hopp-plugin-notify":["default"]}],"_":[1499463931000,{"lintjs":{"d":{"src":["src/js/*.js"],"stack":[["hopp-plugin-eslint","default","eslint"],["hopp-plugin-eslint","format","eslint"],["hopp-plugin-eslint","failOnError","eslint"],["hopp-plugin-notify","default","notify"]],"rename":[]},"needsBundling":false,"needsRecaching":false,"readonly":true},"lint":["parallel",["lintjs"]],"default":["parallel",["lint"]]}],"lp":{},"sc":{"lintjs":{"src/js/animations.js":1499464408000,"./src/js/animations.js":1499464419000}}}