{"v":"1.2.6","p":{"hopp-plugin-eslint":{},"hopp-plugin-notify":{}},"pl":[1499465551000,{"hopp-plugin-eslint":["config","format","failOnError","default"],"hopp-plugin-notify":["default"]}],"_":[1499465516000,{"lintjs":{"d":{"src":["src/js/*.js"],"stack":[["hopp-plugin-eslint","default","eslint"],["hopp-plugin-eslint","format","eslint"],["hopp-plugin-eslint","failOnError","eslint"],["hopp-plugin-notify","default","notify"]],"rename":[]},"needsBundling":false,"needsRecaching":false,"readonly":true},"lint":{"d":{"src":["src/js/*.js"],"stack":[["hopp-plugin-eslint","default","eslint"],["hopp-plugin-eslint","format","eslint"],["hopp-plugin-eslint","failOnError","eslint"],["hopp-plugin-notify","default","notify"]],"rename":[]},"needsBundling":false,"needsRecaching":false,"readonly":true},"buildjs":{"d":{"src":["src/js/*.js"],"stack":[],"rename":[],"dest":"dist/js"}},"buildcss":{"d":{"src":["src/css/*.css"],"stack":[],"rename":[],"dest":"dist/css"}},"buildimgs":{"d":{"src":["src/imgs/*"],"stack":[],"rename":[],"dest":"dist/imgs"}},"build":["parallel",["buildjs","buildcss","buildimgs"]],"default":["steps",["lint","build"]]}],"lp":{},"sc":{"lintjs":{"src/js/animations.js":1499464408000,"./src/js/animations.js":1499464419000},"lint":{"src/js/animations.js":1499465558000,"./src/js/animations.js":1499465694000},"buildjs":{"src/js/animations.js":1499465558000,"./src/js/animations.js":1499465558000},"buildcss":{"src/css/sticky-footer.css":1499446582000,"src/css/style.css":1499446582000},"buildimgs":{"src/imgs/main.jpg":1499446582000}}}