{"v":"1.2.6","p":{"hopp-plugin-eslint":{},"hopp-plugin-notify":{}},"pl":[1499465551000,{"hopp-plugin-eslint":["config","format","failOnError","default"],"hopp-plugin-notify":["default"]}],"_":[0,null],"lp":{},"sc":{"lintjs":{"src/js/animations.js":1499464408000,"./src/js/animations.js":1499464419000},"lint":{"src/js/animations.js":1499465837000,"./src/js/animations.js":1499465884000},"buildjs":{"src/js/animations.js":1499465558000,"./src/js/animations.js":1499465558000},"buildcss":{"src/css/sticky-footer.css":1499446582000,"src/css/style.css":1499446582000},"buildimgs":{"src/imgs/main.jpg":1499446582000}}}